github.com/go-gorp/gorp v2.0.0+incompatible h1:dIQPsBtl6/H1MjVseWuWPXa7ET4p6Dve4j3Hg+UjqYw=
github.com/go-gorp/gorp v2.0.0+incompatible/go.mod h1:7IfkAQnO7jfT/9IQ3R9wL1dFhukN6aQxzKTHnkxzA/E=
github.com/lib/pq v1.0.0 h1:X5PMW56eZitiTeO7tKzZxFCSpbFZJtkMMooicw2us9A=
github.com/lib/pq v1.0.0/go.mod h1:5WUZQaWbwv1U+lTReE5YruASi9Al49XbQIvNi/34Woo=
github.com/mylxsw/container v0.0.0-20200524155918-1cb2ed5ec854 h1:IXKmp5hpj5yYZ7Va0m2D9fjYBxlyyx2ZUBigu8ZL3GM=
github.com/mylxsw/container v0.0.0-20200524155918-1cb2ed5ec854/go.mod h1:N7QSVqaHggsEM4ckqO35RqEb1/wGXQfYgWF3ho9vRTY=
github.com/proullon/ramsql v0.0.0-20181213202341-817cee58a244 h1:fdX2U+a2Rmc4BjRYcOKzjYXtYTE4ga1B2lb8i7BlefU=
github.com/proullon/ramsql v0.0.0-20181213202341-817cee58a244/go.mod h1:jG8oAQG0ZPHPyxg5QlMERS31airDC+ZuqiAe8DUvFVo=
